
Microsoft Visual Studio Solution File, Format Version 12.00
# Visual Studio 15
VisualStudioVersion = 15.0.28010.2036
MinimumVisualStudioVersion = 10.0.40219.1
Project("{9A19103F-16F7-4668-BE54-9A1E7A4F7556}") = "Whetstone.Alexa.AdventureSample.Lambda", "Whetstone.Alexa.AdventureSample.Lambda\Whetstone.Alexa.AdventureSample.Lambda.csproj", "{DAAC55FE-09D0-4106-ABDE-875A04DC33BA}"
EndProject
Project("{9A19103F-16F7-4668-BE54-9A1E7A4F7556}") = "Whetstone.Alexa.AdventureSample.Tests", "Whetstone.Alexa.AdventureSample.Tests\Whetstone.Alexa.AdventureSample.Tests.csproj", "{D9D688F4-ACAF-4C2E-8509-BD9A9658E87F}"
EndProject
Project("{9A19103F-16F7-4668-BE54-9A1E7A4F7556}") = "Whetstone.Alexa.AdventureSample.IntegTests", "Whetstone.Alexa.AdventureSample.IntegTests\Whetstone.Alexa.AdventureSample.IntegTests.csproj", "{C5FB0DEF-B132-4FDF-A36C-B98E54D57646}"
EndProject
Project("{9A19103F-16F7-4668-BE54-9A1E7A4F7556}") = "Whetstone.Alexa.AdventureSample", "Whetstone.Alexa.AdventureSample\Whetstone.Alexa.AdventureSample.csproj", "{E81476DA-103C-4020-98B2-639FDD48368D}"
EndProject
Project("{FAE04EC0-301F-11D3-BF4B-00C04F79EFBC}") = "Whetstone.Alexa.AdventureSample.WebApi", "Whetstone.Alexa.AdventureSample.WebApi\Whetstone.Alexa.AdventureSample.WebApi.csproj", "{D96F9991-425B-4EC4-B268-31BCF1CD1128}"
EndProject
Global
	GlobalSection(SolutionConfigurationPlatforms) = preSolution
		Debug|Any CPU = Debug|Any CPU
		Release|Any CPU = Release|Any CPU
	EndGlobalSection
	GlobalSection(ProjectConfigurationPlatforms) = postSolution
		{DAAC55FE-09D0-4106-ABDE-875A04DC33BA}.Debug|Any CPU.ActiveCfg = Debug|Any CPU
		{DAAC55FE-09D0-4106-ABDE-875A04DC33BA}.Debug|Any CPU.Build.0 = Debug|Any CPU
		{DAAC55FE-09D0-4106-ABDE-875A04DC33BA}.Release|Any CPU.ActiveCfg = Release|Any CPU
		{DAAC55FE-09D0-4106-ABDE-875A04DC33BA}.Release|Any CPU.Build.0 = Release|Any CPU
		{D9D688F4-ACAF-4C2E-8509-BD9A9658E87F}.Debug|Any CPU.ActiveCfg = Debug|Any CPU
		{D9D688F4-ACAF-4C2E-8509-BD9A9658E87F}.Debug|Any CPU.Build.0 = Debug|Any CPU
		{D9D688F4-ACAF-4C2E-8509-BD9A9658E87F}.Release|Any CPU.ActiveCfg = Release|Any CPU
		{D9D688F4-ACAF-4C2E-8509-BD9A9658E87F}.Release|Any CPU.Build.0 = Release|Any CPU
		{C5FB0DEF-B132-4FDF-A36C-B98E54D57646}.Debug|Any CPU.ActiveCfg = Debug|Any CPU
		{C5FB0DEF-B132-4FDF-A36C-B98E54D57646}.Debug|Any CPU.Build.0 = Debug|Any CPU
		{C5FB0DEF-B132-4FDF-A36C-B98E54D57646}.Release|Any CPU.ActiveCfg = Release|Any CPU
		{C5FB0DEF-B132-4FDF-A36C-B98E54D57646}.Release|Any CPU.Build.0 = Release|Any CPU
		{E81476DA-103C-4020-98B2-639FDD48368D}.Debug|Any CPU.ActiveCfg = Debug|Any CPU
		{E81476DA-103C-4020-98B2-639FDD48368D}.Debug|Any CPU.Build.0 = Debug|Any CPU
		{E81476DA-103C-4020-98B2-639FDD48368D}.Release|Any CPU.ActiveCfg = Release|Any CPU
		{E81476DA-103C-4020-98B2-639FDD48368D}.Release|Any CPU.Build.0 = Release|Any CPU
		{D96F9991-425B-4EC4-B268-31BCF1CD1128}.Debug|Any CPU.ActiveCfg = Debug|Any CPU
		{D96F9991-425B-4EC4-B268-31BCF1CD1128}.Debug|Any CPU.Build.0 = Debug|Any CPU
		{D96F9991-425B-4EC4-B268-31BCF1CD1128}.Release|Any CPU.ActiveCfg = Release|Any CPU
		{D96F9991-425B-4EC4-B268-31BCF1CD1128}.Release|Any CPU.Build.0 = Release|Any CPU
	EndGlobalSection
	GlobalSection(SolutionProperties) = preSolution
		HideSolutionNode = FALSE
	EndGlobalSection
	GlobalSection(ExtensibilityGlobals) = postSolution
		SolutionGuid = {75A28705-7600-4D89-950A-07386F2BC3BA}
	EndGlobalSection
EndGlobal
