
Microsoft Visual Studio Solution File, Format Version 12.00
# Visual Studio 15
VisualStudioVersion = 15.0.28010.2036
MinimumVisualStudioVersion = 10.0.40219.1
Project("{9A19103F-16F7-4668-BE54-9A1E7A4F7556}") = "Whetstone.AdventureSample", "Whetstone.AdventureSample\Whetstone.AdventureSample.csproj", "{DA7EB83A-3642-4E99-8826-74AF33AE7E50}"
EndProject
Project("{9A19103F-16F7-4668-BE54-9A1E7A4F7556}") = "Whetstone.AdventureSample.CoreFunction.Alexa", "Whetstone.AdventureSample.CoreFunction.Alexa\Whetstone.AdventureSample.CoreFunction.Alexa.csproj", "{8994A10B-8D49-4548-879E-919C7E5893D0}"
EndProject
Project("{9A19103F-16F7-4668-BE54-9A1E7A4F7556}") = "Whestone.AdventureSample.CoreFunction.Google", "Whestone.AdventureSample.CoreFunction.Google\Whestone.AdventureSample.CoreFunction.Google.csproj", "{29A4803E-33EA-4D4E-8FAC-5C898F32691D}"
EndProject
Project("{9A19103F-16F7-4668-BE54-9A1E7A4F7556}") = "Whetstone.AdventureSample.WebApi", "Whetstone.AdventureSample.WebApi\Whetstone.AdventureSample.WebApi.csproj", "{206CAB47-8D2C-4F65-B0C2-DC7FBB5BACFC}"
EndProject
Project("{9A19103F-16F7-4668-BE54-9A1E7A4F7556}") = "Whetstone.AdventureSample.Tests", "Whetstone.AdventureSample.Tests\Whetstone.AdventureSample.Tests.csproj", "{DD5B4F93-42FF-4E6B-8BCA-29E334DBCDFD}"
EndProject
Project("{9A19103F-16F7-4668-BE54-9A1E7A4F7556}") = "Whetstone.AdventureSample.IntegTests", "Whetstone.AdventureSample.IntegTests\Whetstone.AdventureSample.IntegTests.csproj", "{64C32BEF-650C-49D1-BD44-B4896C9F4045}"
EndProject
Project("{9A19103F-16F7-4668-BE54-9A1E7A4F7556}") = "Whetstone.Ngrok.ApiClient", "Whetstone.Ngrok.ApiClient\Whetstone.Ngrok.ApiClient.csproj", "{47D58E35-D649-4E90-8206-B174709F3AC7}"
EndProject
Project("{FAE04EC0-301F-11D3-BF4B-00C04F79EFBC}") = "Demo.SpaceFacts", "Demo.SpaceFacts\Demo.SpaceFacts.csproj", "{B7D7B7F6-920E-44EC-8531-AD29E8789955}"
EndProject
Global
	GlobalSection(SolutionConfigurationPlatforms) = preSolution
		Debug|Any CPU = Debug|Any CPU
		Release|Any CPU = Release|Any CPU
	EndGlobalSection
	GlobalSection(ProjectConfigurationPlatforms) = postSolution
		{DA7EB83A-3642-4E99-8826-74AF33AE7E50}.Debug|Any CPU.ActiveCfg = Debug|Any CPU
		{DA7EB83A-3642-4E99-8826-74AF33AE7E50}.Debug|Any CPU.Build.0 = Debug|Any CPU
		{DA7EB83A-3642-4E99-8826-74AF33AE7E50}.Release|Any CPU.ActiveCfg = Release|Any CPU
		{DA7EB83A-3642-4E99-8826-74AF33AE7E50}.Release|Any CPU.Build.0 = Release|Any CPU
		{8994A10B-8D49-4548-879E-919C7E5893D0}.Debug|Any CPU.ActiveCfg = Debug|Any CPU
		{8994A10B-8D49-4548-879E-919C7E5893D0}.Debug|Any CPU.Build.0 = Debug|Any CPU
		{8994A10B-8D49-4548-879E-919C7E5893D0}.Release|Any CPU.ActiveCfg = Release|Any CPU
		{8994A10B-8D49-4548-879E-919C7E5893D0}.Release|Any CPU.Build.0 = Release|Any CPU
		{29A4803E-33EA-4D4E-8FAC-5C898F32691D}.Debug|Any CPU.ActiveCfg = Debug|Any CPU
		{29A4803E-33EA-4D4E-8FAC-5C898F32691D}.Debug|Any CPU.Build.0 = Debug|Any CPU
		{29A4803E-33EA-4D4E-8FAC-5C898F32691D}.Release|Any CPU.ActiveCfg = Release|Any CPU
		{29A4803E-33EA-4D4E-8FAC-5C898F32691D}.Release|Any CPU.Build.0 = Release|Any CPU
		{206CAB47-8D2C-4F65-B0C2-DC7FBB5BACFC}.Debug|Any CPU.ActiveCfg = Debug|Any CPU
		{206CAB47-8D2C-4F65-B0C2-DC7FBB5BACFC}.Debug|Any CPU.Build.0 = Debug|Any CPU
		{206CAB47-8D2C-4F65-B0C2-DC7FBB5BACFC}.Release|Any CPU.ActiveCfg = Release|Any CPU
		{206CAB47-8D2C-4F65-B0C2-DC7FBB5BACFC}.Release|Any CPU.Build.0 = Release|Any CPU
		{DD5B4F93-42FF-4E6B-8BCA-29E334DBCDFD}.Debug|Any CPU.ActiveCfg = Debug|Any CPU
		{DD5B4F93-42FF-4E6B-8BCA-29E334DBCDFD}.Debug|Any CPU.Build.0 = Debug|Any CPU
		{DD5B4F93-42FF-4E6B-8BCA-29E334DBCDFD}.Release|Any CPU.ActiveCfg = Release|Any CPU
		{DD5B4F93-42FF-4E6B-8BCA-29E334DBCDFD}.Release|Any CPU.Build.0 = Release|Any CPU
		{64C32BEF-650C-49D1-BD44-B4896C9F4045}.Debug|Any CPU.ActiveCfg = Debug|Any CPU
		{64C32BEF-650C-49D1-BD44-B4896C9F4045}.Debug|Any CPU.Build.0 = Debug|Any CPU
		{64C32BEF-650C-49D1-BD44-B4896C9F4045}.Release|Any CPU.ActiveCfg = Release|Any CPU
		{64C32BEF-650C-49D1-BD44-B4896C9F4045}.Release|Any CPU.Build.0 = Release|Any CPU
		{47D58E35-D649-4E90-8206-B174709F3AC7}.Debug|Any CPU.ActiveCfg = Debug|Any CPU
		{47D58E35-D649-4E90-8206-B174709F3AC7}.Debug|Any CPU.Build.0 = Debug|Any CPU
		{47D58E35-D649-4E90-8206-B174709F3AC7}.Release|Any CPU.ActiveCfg = Release|Any CPU
		{47D58E35-D649-4E90-8206-B174709F3AC7}.Release|Any CPU.Build.0 = Release|Any CPU
		{B7D7B7F6-920E-44EC-8531-AD29E8789955}.Debug|Any CPU.ActiveCfg = Debug|Any CPU
		{B7D7B7F6-920E-44EC-8531-AD29E8789955}.Debug|Any CPU.Build.0 = Debug|Any CPU
		{B7D7B7F6-920E-44EC-8531-AD29E8789955}.Release|Any CPU.ActiveCfg = Release|Any CPU
		{B7D7B7F6-920E-44EC-8531-AD29E8789955}.Release|Any CPU.Build.0 = Release|Any CPU
	EndGlobalSection
	GlobalSection(SolutionProperties) = preSolution
		HideSolutionNode = FALSE
	EndGlobalSection
	GlobalSection(ExtensibilityGlobals) = postSolution
		SolutionGuid = {75A28705-7600-4D89-950A-07386F2BC3BA}
	EndGlobalSection
EndGlobal
